<Solution>
  <Folder Name="/src/">
    <Project Path="src/AaronOS.App/AaronOS.App.csproj" />
    <Project Path="src/AaronOS.Core/AaronOS.Core.csproj" />
    <Project Path="src/AaronOS.Modules.BodyMeasurements.Tests/AaronOS.Modules.BodyMeasurements.Tests.csproj" />
    <Project Path="src/AaronOS.Modules.BodyMeasurements/AaronOS.Modules.BodyMeasurements.csproj" />
    <Project Path="src/AaronOS.Modules.Finance.Tests/AaronOS.Modules.Finance.Tests.csproj" />
    <Project Path="src/AaronOS.Modules.Finance/AaronOS.Modules.Finance.csproj" />
    <Project Path="src/AaronOS.Modules.Nutrition.Tests/AaronOS.Modules.Nutrition.Tests.csproj" />
    <Project Path="src/AaronOS.Modules.Nutrition/AaronOS.Modules.Nutrition.csproj" />
    <Project Path="src/AaronOS.Modules.Medical.Tests/AaronOS.Modules.Medical.Tests.csproj" />
    <Project Path="src/AaronOS.Modules.Medical/AaronOS.Modules.Medical.csproj" />
    <Project Path="src/AaronOS.Modules.Trading.Tests/AaronOS.Modules.Trading.Tests.csproj" />
    <Project Path="src/AaronOS.Modules.Trading/AaronOS.Modules.Trading.csproj" />
  </Folder>
</Solution>
